{
  "name": "barely-windows",
  "version": "1.0.0",
  "lockfileVersion": 2,
  "requires": true,
  "packages": {
    "": {
      "name": "barely-windows",
      "version": "1.0.0",
      "license": "ISC",
      "devDependencies": {
        "@types/materialize-css": "^1.0.14",
        "typescript": "^5.6.3"
      }
    },
    "node_modules/@types/jquery": {
      "version": "3.5.31",
      "resolved": "https://registry.npmjs.org/@types/jquery/-/jquery-3.5.31.tgz",
      "integrity": "sha512-rf/iB+cPJ/YZfMwr+FVuQbm7IaWC4y3FVYfVDxRGqmUCFjjPII0HWaP0vTPJGp6m4o13AXySCcMbWfrWtBFAKw==",
      "dev": true,
      "dependencies": {
        "@types/sizzle": "*"
      }
    },
    "node_modules/@types/materialize-css": {
      "version": "1.0.14",
      "resolved": "https://registry.npmjs.org/@types/materialize-css/-/materialize-css-1.0.14.tgz",
      "integrity": "sha512-Jt8ReN/R7zrz1TBby0KvyJzAIB9353c1jaFjZt8fIaY/xsalED/8OsFuog1PJ79OuXleRWyJ+MZ8dmjbArXepg==",
      "dev": true,
      "dependencies": {
        "@types/jquery": "*",
        "cash-dom": "*"
      }
    },
    "node_modules/@types/sizzle": {
      "version": "2.3.8",
      "resolved": "https://registry.npmjs.org/@types/sizzle/-/sizzle-2.3.8.tgz",
      "integrity": "sha512-0vWLNK2D5MT9dg0iOo8GlKguPAU02QjmZitPEsXRuJXU/OGIOt9vT9Fc26wtYuavLxtO45v9PGleoL9Z0k1LHg==",
      "dev": true
    },
    "node_modules/cash-dom": {
      "version": "8.1.5",
      "resolved": "https://registry.npmjs.org/cash-dom/-/cash-dom-8.1.5.tgz",
      "integrity": "sha512-/BS05CfzyHR5xT2ksKj1sDLPaOv5rSmIwoGxNgdKwUtnIuiJ5neMxVEmZxvfyJiSjGbOMD0Lwe+9v+fszDqHew==",
      "dev": true
    },
    "node_modules/typescript": {
      "version": "5.6.3",
      "resolved": "https://registry.npmjs.org/typescript/-/typescript-5.6.3.tgz",
      "integrity": "sha512-hjcS1mhfuyi4WW8IWtjP7brDrG2cuDZukyrYrSauoXGNgx0S7zceP07adYkJycEr56BOUTNPzbInooiN3fn1qw==",
      "dev": true,
      "bin": {
        "tsc": "bin/tsc",
        "tsserver": "bin/tsserver"
      },
      "engines": {
        "node": ">=14.17"
      }
    }
  },
  "dependencies": {
    "@types/jquery": {
      "version": "3.5.31",
      "resolved": "https://registry.npmjs.org/@types/jquery/-/jquery-3.5.31.tgz",
      "integrity": "sha512-rf/iB+cPJ/YZfMwr+FVuQbm7IaWC4y3FVYfVDxRGqmUCFjjPII0HWaP0vTPJGp6m4o13AXySCcMbWfrWtBFAKw==",
      "dev": true,
      "requires": {
        "@types/sizzle": "*"
      }
    },
    "@types/materialize-css": {
      "version": "1.0.14",
      "resolved": "https://registry.npmjs.org/@types/materialize-css/-/materialize-css-1.0.14.tgz",
      "integrity": "sha512-Jt8ReN/R7zrz1TBby0KvyJzAIB9353c1jaFjZt8fIaY/xsalED/8OsFuog1PJ79OuXleRWyJ+MZ8dmjbArXepg==",
      "dev": true,
      "requires": {
        "@types/jquery": "*",
        "cash-dom": "*"
      }
    },
    "@types/sizzle": {
      "version": "2.3.8",
      "resolved": "https://registry.npmjs.org/@types/sizzle/-/sizzle-2.3.8.tgz",
      "integrity": "sha512-0vWLNK2D5MT9dg0iOo8GlKguPAU02QjmZitPEsXRuJXU/OGIOt9vT9Fc26wtYuavLxtO45v9PGleoL9Z0k1LHg==",
      "dev": true
    },
    "cash-dom": {
      "version": "8.1.5",
      "resolved": "https://registry.npmjs.org/cash-dom/-/cash-dom-8.1.5.tgz",
      "integrity": "sha512-/BS05CfzyHR5xT2ksKj1sDLPaOv5rSmIwoGxNgdKwUtnIuiJ5neMxVEmZxvfyJiSjGbOMD0Lwe+9v+fszDqHew==",
      "dev": true
    },
    "typescript": {
      "version": "5.6.3",
      "resolved": "https://registry.npmjs.org/typescript/-/typescript-5.6.3.tgz",
      "integrity": "sha512-hjcS1mhfuyi4WW8IWtjP7brDrG2cuDZukyrYrSauoXGNgx0S7zceP07adYkJycEr56BOUTNPzbInooiN3fn1qw==",
      "dev": true
    }
  }
}
